
Microsoft Visual Studio Solution File, Format Version 12.00
# Visual Studio Version 16
VisualStudioVersion = 16.0.30323.103
MinimumVisualStudioVersion = 10.0.40219.1
Project("{9A19103F-16F7-4668-BE54-9A1E7A4F7556}") = "School.Entities", "School.Entities\School.Entities.csproj", "{2B10A631-E5D1-4F7C-8062-6B3D91D87C8F}"
EndProject
Project("{9A19103F-16F7-4668-BE54-9A1E7A4F7556}") = "School.NUnitTests", "School.NUnitTests\School.NUnitTests.csproj", "{C47F2F1F-16B6-4336-B535-D33DF6621D19}"
EndProject
Project("{9A19103F-16F7-4668-BE54-9A1E7A4F7556}") = "School.Services", "School.Services\School.Services.csproj", "{C453250E-C388-4F17-9816-C1A3A5C7283E}"
EndProject
Project("{9A19103F-16F7-4668-BE54-9A1E7A4F7556}") = "School.Microservices.People.WebApi", "School.WebApi.Gateway\School.Microservices.People.WebApi.csproj", "{83E5807F-77B8-4AB1-A688-86C4990FC550}"
EndProject
Project("{9A19103F-16F7-4668-BE54-9A1E7A4F7556}") = "School.Microservices.ShoolApiGateway", "School.Microservices.ApiGateway\School.Microservices.ShoolApiGateway.csproj", "{5B610560-A37D-42AA-A51D-702101C1A703}"
EndProject
Project("{9A19103F-16F7-4668-BE54-9A1E7A4F7556}") = "School.UI.Mvc", "School.UI.Mvc\School.UI.Mvc.csproj", "{60B6943E-6C9B-4C7F-AF0E-9A4F3DE074D3}"
EndProject
Project("{9A19103F-16F7-4668-BE54-9A1E7A4F7556}") = "School.Services.People", "School.Services.Person\School.Services.People.csproj", "{BAF6ECD3-372C-4578-9B41-E98DF8A67EA0}"
EndProject
Project("{9A19103F-16F7-4668-BE54-9A1E7A4F7556}") = "School.Services.Course", "School.Services.Course\School.Services.Course.csproj", "{B93BBAAD-00F6-4D46-A9F2-E1F9CD9B6250}"
EndProject
Project("{9A19103F-16F7-4668-BE54-9A1E7A4F7556}") = "School.Services.CourseInstructor", "School.Services.CourseInstructor\School.Services.CourseInstructor.csproj", "{FA6A2362-296F-414A-A517-4469DDC1D0F8}"
EndProject
Project("{2150E333-8FDC-42A3-9474-1A3956D46DE8}") = "Services", "Services", "{B43B2022-29DC-4BEC-9967-99B9358BBCD6}"
EndProject
Project("{2150E333-8FDC-42A3-9474-1A3956D46DE8}") = "Microservices", "Microservices", "{AA05E7D9-7ABB-4378-89C7-4587A8BD3035}"
EndProject
Project("{2150E333-8FDC-42A3-9474-1A3956D46DE8}") = "Domain", "Domain", "{A58B7A5A-23EA-4AAB-A1F9-B71171840610}"
EndProject
Project("{2150E333-8FDC-42A3-9474-1A3956D46DE8}") = "Tests", "Tests", "{E1689E66-B514-452D-908E-C2E04D98358F}"
EndProject
Project("{2150E333-8FDC-42A3-9474-1A3956D46DE8}") = "UI", "UI", "{46A38662-619D-41A9-A552-00B5F0BBBADC}"
EndProject
Project("{9A19103F-16F7-4668-BE54-9A1E7A4F7556}") = "School.Services.Department", "School.Services.Department\School.Services.Department.csproj", "{28475E52-4CDE-4CEE-8563-BCA74979CADC}"
EndProject
Project("{9A19103F-16F7-4668-BE54-9A1E7A4F7556}") = "School.Services.OfficeAssignment", "School.Services.OfficeAssignment\School.Services.OfficeAssignment.csproj", "{957AB6FD-F1D9-4663-B401-B796BD0BBEBA}"
EndProject
Project("{9A19103F-16F7-4668-BE54-9A1E7A4F7556}") = "School.Services.StudentGrade", "School.Services.StudentGrade\School.Services.StudentGrade.csproj", "{04C6133A-E655-41EA-9C78-BCA51481CDFD}"
EndProject
Project("{9A19103F-16F7-4668-BE54-9A1E7A4F7556}") = "School.Services.OnlineCourse", "School.Services.OnlineCourse\School.Services.OnlineCourse.csproj", "{8C4FC7CE-B9D3-4AC5-8096-64A008B19AEB}"
EndProject
Project("{9A19103F-16F7-4668-BE54-9A1E7A4F7556}") = "School.Services.OnsiteCourse", "School.Services.OnsiteCourse\School.Services.OnsiteCourse.csproj", "{13A5BAAA-C285-4728-A574-F3E582D13C19}"
EndProject
Project("{9A19103F-16F7-4668-BE54-9A1E7A4F7556}") = "School.Microservices.Course.WebApi", "School.Microservices.Course.WebApi\School.Microservices.Course.WebApi.csproj", "{5E263EF9-3E75-49B3-8E33-FF71D9929838}"
EndProject
Project("{9A19103F-16F7-4668-BE54-9A1E7A4F7556}") = "School.Entities.Resources", "ModelResources\School.Entities.Resources.csproj", "{C033529A-6B19-4417-8988-EAD3D9124FD3}"
EndProject
Project("{2150E333-8FDC-42A3-9474-1A3956D46DE8}") = "DomainServices", "DomainServices", "{7FBE26EE-6C29-4A45-9E5C-4C16654C4B21}"
EndProject
Global
	GlobalSection(SolutionConfigurationPlatforms) = preSolution
		Debug|Any CPU = Debug|Any CPU
		Release|Any CPU = Release|Any CPU
	EndGlobalSection
	GlobalSection(ProjectConfigurationPlatforms) = postSolution
		{2B10A631-E5D1-4F7C-8062-6B3D91D87C8F}.Debug|Any CPU.ActiveCfg = Debug|Any CPU
		{2B10A631-E5D1-4F7C-8062-6B3D91D87C8F}.Debug|Any CPU.Build.0 = Debug|Any CPU
		{2B10A631-E5D1-4F7C-8062-6B3D91D87C8F}.Release|Any CPU.ActiveCfg = Release|Any CPU
		{2B10A631-E5D1-4F7C-8062-6B3D91D87C8F}.Release|Any CPU.Build.0 = Release|Any CPU
		{C47F2F1F-16B6-4336-B535-D33DF6621D19}.Debug|Any CPU.ActiveCfg = Debug|Any CPU
		{C47F2F1F-16B6-4336-B535-D33DF6621D19}.Debug|Any CPU.Build.0 = Debug|Any CPU
		{C47F2F1F-16B6-4336-B535-D33DF6621D19}.Release|Any CPU.ActiveCfg = Release|Any CPU
		{C47F2F1F-16B6-4336-B535-D33DF6621D19}.Release|Any CPU.Build.0 = Release|Any CPU
		{C453250E-C388-4F17-9816-C1A3A5C7283E}.Debug|Any CPU.ActiveCfg = Debug|Any CPU
		{C453250E-C388-4F17-9816-C1A3A5C7283E}.Debug|Any CPU.Build.0 = Debug|Any CPU
		{C453250E-C388-4F17-9816-C1A3A5C7283E}.Release|Any CPU.ActiveCfg = Release|Any CPU
		{C453250E-C388-4F17-9816-C1A3A5C7283E}.Release|Any CPU.Build.0 = Release|Any CPU
		{83E5807F-77B8-4AB1-A688-86C4990FC550}.Debug|Any CPU.ActiveCfg = Debug|Any CPU
		{83E5807F-77B8-4AB1-A688-86C4990FC550}.Debug|Any CPU.Build.0 = Debug|Any CPU
		{83E5807F-77B8-4AB1-A688-86C4990FC550}.Release|Any CPU.ActiveCfg = Release|Any CPU
		{83E5807F-77B8-4AB1-A688-86C4990FC550}.Release|Any CPU.Build.0 = Release|Any CPU
		{5B610560-A37D-42AA-A51D-702101C1A703}.Debug|Any CPU.ActiveCfg = Debug|Any CPU
		{5B610560-A37D-42AA-A51D-702101C1A703}.Debug|Any CPU.Build.0 = Debug|Any CPU
		{5B610560-A37D-42AA-A51D-702101C1A703}.Release|Any CPU.ActiveCfg = Release|Any CPU
		{5B610560-A37D-42AA-A51D-702101C1A703}.Release|Any CPU.Build.0 = Release|Any CPU
		{60B6943E-6C9B-4C7F-AF0E-9A4F3DE074D3}.Debug|Any CPU.ActiveCfg = Debug|Any CPU
		{60B6943E-6C9B-4C7F-AF0E-9A4F3DE074D3}.Debug|Any CPU.Build.0 = Debug|Any CPU
		{60B6943E-6C9B-4C7F-AF0E-9A4F3DE074D3}.Release|Any CPU.ActiveCfg = Release|Any CPU
		{60B6943E-6C9B-4C7F-AF0E-9A4F3DE074D3}.Release|Any CPU.Build.0 = Release|Any CPU
		{BAF6ECD3-372C-4578-9B41-E98DF8A67EA0}.Debug|Any CPU.ActiveCfg = Debug|Any CPU
		{BAF6ECD3-372C-4578-9B41-E98DF8A67EA0}.Debug|Any CPU.Build.0 = Debug|Any CPU
		{BAF6ECD3-372C-4578-9B41-E98DF8A67EA0}.Release|Any CPU.ActiveCfg = Release|Any CPU
		{BAF6ECD3-372C-4578-9B41-E98DF8A67EA0}.Release|Any CPU.Build.0 = Release|Any CPU
		{B93BBAAD-00F6-4D46-A9F2-E1F9CD9B6250}.Debug|Any CPU.ActiveCfg = Debug|Any CPU
		{B93BBAAD-00F6-4D46-A9F2-E1F9CD9B6250}.Debug|Any CPU.Build.0 = Debug|Any CPU
		{B93BBAAD-00F6-4D46-A9F2-E1F9CD9B6250}.Release|Any CPU.ActiveCfg = Release|Any CPU
		{B93BBAAD-00F6-4D46-A9F2-E1F9CD9B6250}.Release|Any CPU.Build.0 = Release|Any CPU
		{FA6A2362-296F-414A-A517-4469DDC1D0F8}.Debug|Any CPU.ActiveCfg = Debug|Any CPU
		{FA6A2362-296F-414A-A517-4469DDC1D0F8}.Debug|Any CPU.Build.0 = Debug|Any CPU
		{FA6A2362-296F-414A-A517-4469DDC1D0F8}.Release|Any CPU.ActiveCfg = Release|Any CPU
		{FA6A2362-296F-414A-A517-4469DDC1D0F8}.Release|Any CPU.Build.0 = Release|Any CPU
		{28475E52-4CDE-4CEE-8563-BCA74979CADC}.Debug|Any CPU.ActiveCfg = Debug|Any CPU
		{28475E52-4CDE-4CEE-8563-BCA74979CADC}.Debug|Any CPU.Build.0 = Debug|Any CPU
		{28475E52-4CDE-4CEE-8563-BCA74979CADC}.Release|Any CPU.ActiveCfg = Release|Any CPU
		{28475E52-4CDE-4CEE-8563-BCA74979CADC}.Release|Any CPU.Build.0 = Release|Any CPU
		{957AB6FD-F1D9-4663-B401-B796BD0BBEBA}.Debug|Any CPU.ActiveCfg = Debug|Any CPU
		{957AB6FD-F1D9-4663-B401-B796BD0BBEBA}.Debug|Any CPU.Build.0 = Debug|Any CPU
		{957AB6FD-F1D9-4663-B401-B796BD0BBEBA}.Release|Any CPU.ActiveCfg = Release|Any CPU
		{957AB6FD-F1D9-4663-B401-B796BD0BBEBA}.Release|Any CPU.Build.0 = Release|Any CPU
		{04C6133A-E655-41EA-9C78-BCA51481CDFD}.Debug|Any CPU.ActiveCfg = Debug|Any CPU
		{04C6133A-E655-41EA-9C78-BCA51481CDFD}.Debug|Any CPU.Build.0 = Debug|Any CPU
		{04C6133A-E655-41EA-9C78-BCA51481CDFD}.Release|Any CPU.ActiveCfg = Release|Any CPU
		{04C6133A-E655-41EA-9C78-BCA51481CDFD}.Release|Any CPU.Build.0 = Release|Any CPU
		{8C4FC7CE-B9D3-4AC5-8096-64A008B19AEB}.Debug|Any CPU.ActiveCfg = Debug|Any CPU
		{8C4FC7CE-B9D3-4AC5-8096-64A008B19AEB}.Debug|Any CPU.Build.0 = Debug|Any CPU
		{8C4FC7CE-B9D3-4AC5-8096-64A008B19AEB}.Release|Any CPU.ActiveCfg = Release|Any CPU
		{8C4FC7CE-B9D3-4AC5-8096-64A008B19AEB}.Release|Any CPU.Build.0 = Release|Any CPU
		{13A5BAAA-C285-4728-A574-F3E582D13C19}.Debug|Any CPU.ActiveCfg = Debug|Any CPU
		{13A5BAAA-C285-4728-A574-F3E582D13C19}.Debug|Any CPU.Build.0 = Debug|Any CPU
		{13A5BAAA-C285-4728-A574-F3E582D13C19}.Release|Any CPU.ActiveCfg = Release|Any CPU
		{13A5BAAA-C285-4728-A574-F3E582D13C19}.Release|Any CPU.Build.0 = Release|Any CPU
		{5E263EF9-3E75-49B3-8E33-FF71D9929838}.Debug|Any CPU.ActiveCfg = Debug|Any CPU
		{5E263EF9-3E75-49B3-8E33-FF71D9929838}.Debug|Any CPU.Build.0 = Debug|Any CPU
		{5E263EF9-3E75-49B3-8E33-FF71D9929838}.Release|Any CPU.ActiveCfg = Release|Any CPU
		{5E263EF9-3E75-49B3-8E33-FF71D9929838}.Release|Any CPU.Build.0 = Release|Any CPU
		{C033529A-6B19-4417-8988-EAD3D9124FD3}.Debug|Any CPU.ActiveCfg = Debug|Any CPU
		{C033529A-6B19-4417-8988-EAD3D9124FD3}.Debug|Any CPU.Build.0 = Debug|Any CPU
		{C033529A-6B19-4417-8988-EAD3D9124FD3}.Release|Any CPU.ActiveCfg = Release|Any CPU
		{C033529A-6B19-4417-8988-EAD3D9124FD3}.Release|Any CPU.Build.0 = Release|Any CPU
	EndGlobalSection
	GlobalSection(SolutionProperties) = preSolution
		HideSolutionNode = FALSE
	EndGlobalSection
	GlobalSection(NestedProjects) = preSolution
		{2B10A631-E5D1-4F7C-8062-6B3D91D87C8F} = {A58B7A5A-23EA-4AAB-A1F9-B71171840610}
		{C47F2F1F-16B6-4336-B535-D33DF6621D19} = {E1689E66-B514-452D-908E-C2E04D98358F}
		{C453250E-C388-4F17-9816-C1A3A5C7283E} = {7FBE26EE-6C29-4A45-9E5C-4C16654C4B21}
		{83E5807F-77B8-4AB1-A688-86C4990FC550} = {AA05E7D9-7ABB-4378-89C7-4587A8BD3035}
		{5B610560-A37D-42AA-A51D-702101C1A703} = {AA05E7D9-7ABB-4378-89C7-4587A8BD3035}
		{60B6943E-6C9B-4C7F-AF0E-9A4F3DE074D3} = {46A38662-619D-41A9-A552-00B5F0BBBADC}
		{BAF6ECD3-372C-4578-9B41-E98DF8A67EA0} = {7FBE26EE-6C29-4A45-9E5C-4C16654C4B21}
		{B93BBAAD-00F6-4D46-A9F2-E1F9CD9B6250} = {7FBE26EE-6C29-4A45-9E5C-4C16654C4B21}
		{FA6A2362-296F-414A-A517-4469DDC1D0F8} = {7FBE26EE-6C29-4A45-9E5C-4C16654C4B21}
		{28475E52-4CDE-4CEE-8563-BCA74979CADC} = {7FBE26EE-6C29-4A45-9E5C-4C16654C4B21}
		{957AB6FD-F1D9-4663-B401-B796BD0BBEBA} = {7FBE26EE-6C29-4A45-9E5C-4C16654C4B21}
		{04C6133A-E655-41EA-9C78-BCA51481CDFD} = {7FBE26EE-6C29-4A45-9E5C-4C16654C4B21}
		{8C4FC7CE-B9D3-4AC5-8096-64A008B19AEB} = {7FBE26EE-6C29-4A45-9E5C-4C16654C4B21}
		{13A5BAAA-C285-4728-A574-F3E582D13C19} = {7FBE26EE-6C29-4A45-9E5C-4C16654C4B21}
		{5E263EF9-3E75-49B3-8E33-FF71D9929838} = {AA05E7D9-7ABB-4378-89C7-4587A8BD3035}
		{C033529A-6B19-4417-8988-EAD3D9124FD3} = {A58B7A5A-23EA-4AAB-A1F9-B71171840610}
		{7FBE26EE-6C29-4A45-9E5C-4C16654C4B21} = {B43B2022-29DC-4BEC-9967-99B9358BBCD6}
	EndGlobalSection
	GlobalSection(ExtensibilityGlobals) = postSolution
		SolutionGuid = {FEC084AC-882A-4558-8EAB-80520093837A}
	EndGlobalSection
EndGlobal
